{
  "name": "ft_transcendence",
  "lockfileVersion": 3,
  "requires": true,
  "packages": {
    "": {
      "dependencies": {
        "@nestjs/platform-socket.io": "^11.1.18",
        "@nestjs/websockets": "^11.1.18",
        "@prisma/adapter-pg": "^7.6.0"
      }
    },
    "node_modules/@borewit/text-codec": {
      "version": "0.2.2",
      "resolved": "https://registry.npmjs.org/@borewit/text-codec/-/text-codec-0.2.2.tgz",
      "integrity": "sha512-DDaRehssg1aNrH4+2hnj1B7vnUGEjU6OIlyRdkMd0aUdIUvKXrJfXsy8LVtXAy7DRvYVluWbMspsRhz2lcW0mQ==",
      "license": "MIT",
      "peer": true,
      "funding": {
        "type": "github",
        "url": "https://github.com/sponsors/Borewit"
      }
    },
    "node_modules/@lukeed/csprng": {
      "version": "1.1.0",
      "resolved": "https://registry.npmjs.org/@lukeed/csprng/-/csprng-1.1.0.tgz",
      "integrity": "sha512-Z7C/xXCiGWsg0KuKsHTKJxbWhpI3Vs5GwLfOean7MGyVFGqdRgBbAjOCh6u4bbjPc/8MJ2pZmK/0DLdCbivLDA==",
      "license": "MIT",
      "peer": true,
      "engines": {
        "node": ">=8"
      }
    },
    "node_modules/@nestjs/common": {
      "version": "11.1.18",
      "resolved": "https://registry.npmjs.org/@nestjs/common/-/common-11.1.18.tgz",
      "integrity": "sha512-0sLq8Z+TIjLnz1Tqp0C/x9BpLbqpt1qEu0VcH4/fkE0y3F5JxhfK1AdKQ/SPbKhKgwqVDoY4gS8GQr2G6ujaWg==",
      "license": "MIT",
      "peer": true,
      "dependencies": {
        "file-type": "21.3.4",
        "iterare": "1.2.1",
        "load-esm": "1.0.3",
        "tslib": "2.8.1",
        "uid": "2.0.2"
      },
      "funding": {
        "type": "opencollective",
        "url": "https://opencollective.com/nest"
      },
      "peerDependencies": {
        "class-transformer": ">=0.4.1",
        "class-validator": ">=0.13.2",
        "reflect-metadata": "^0.1.12 || ^0.2.0",
        "rxjs": "^7.1.0"
      },
      "peerDependenciesMeta": {
        "class-transformer": {
          "optional": true
        },
        "class-validator": {
          "optional": true
        }
      }
    },
    "node_modules/@nestjs/core": {
      "version": "11.1.18",
      "resolved": "https://registry.npmjs.org/@nestjs/core/-/core-11.1.18.tgz",
      "integrity": "sha512-wR3DtGyk/LUAiPtbXDuWJJwVkWElKBY0sqnTzf9d4uM3+X18FRZhK7WFc47czsIGOdWuRsMeLYV+1Z9dO4zDEQ==",
      "hasInstallScript": true,
      "license": "MIT",
      "peer": true,
      "dependencies": {
        "@nuxt/opencollective": "0.4.1",
        "fast-safe-stringify": "2.1.1",
        "iterare": "1.2.1",
        "path-to-regexp": "8.4.2",
        "tslib": "2.8.1",
        "uid": "2.0.2"
      },
      "engines": {
        "node": ">= 20"
      },
      "funding": {
        "type": "opencollective",
        "url": "https://opencollective.com/nest"
      },
      "peerDependencies": {
        "@nestjs/common": "^11.0.0",
        "@nestjs/microservices": "^11.0.0",
        "@nestjs/platform-express": "^11.0.0",
        "@nestjs/websockets": "^11.0.0",
        "reflect-metadata": "^0.1.12 || ^0.2.0",
        "rxjs": "^7.1.0"
      },
      "peerDependenciesMeta": {
        "@nestjs/microservices": {
          "optional": true
        },
        "@nestjs/platform-express": {
          "optional": true
        },
        "@nestjs/websockets": {
          "optional": true
        }
      }
    },
    "node_modules/@nestjs/platform-socket.io": {
      "version": "11.1.18",
      "resolved": "https://registry.npmjs.org/@nestjs/platform-socket.io/-/platform-socket.io-11.1.18.tgz",
      "integrity": "sha512-DiFRpMIdFaHqZQFwqLqGHMdNurrKVkRkMHxIrecjooPHJNNIMgrbpYZ+oJW8hpwifUyZUL4r4uXXRy4+yFEMjA==",
      "license": "MIT",
      "dependencies": {
        "socket.io": "4.8.3",
        "tslib": "2.8.1"
      },
      "funding": {
        "type": "opencollective",
        "url": "https://opencollective.com/nest"
      },
      "peerDependencies": {
        "@nestjs/common": "^11.0.0",
        "@nestjs/websockets": "^11.0.0",
        "rxjs": "^7.1.0"
      }
    },
    "node_modules/@nestjs/websockets": {
      "version": "11.1.18",
      "resolved": "https://registry.npmjs.org/@nestjs/websockets/-/websockets-11.1.18.tgz",
      "integrity": "sha512-HLO/QGlJoJaMMDphgjbcIwW7/8EA8nnFQjf+qPvA+wWLLfPKoiFPUezc5m9YgN2A7jmzwo6YmEAXeHyqO9tvTw==",
      "license": "MIT",
      "dependencies": {
        "iterare": "1.2.1",
        "object-hash": "3.0.0",
        "tslib": "2.8.1"
      },
      "peerDependencies": {
        "@nestjs/common": "^11.0.0",
        "@nestjs/core": "^11.0.0",
        "@nestjs/platform-socket.io": "^11.0.0",
        "reflect-metadata": "^0.1.12 || ^0.2.0",
        "rxjs": "^7.1.0"
      },
      "peerDependenciesMeta": {
        "@nestjs/platform-socket.io": {
          "optional": true
        }
      }
    },
    "node_modules/@nuxt/opencollective": {
      "version": "0.4.1",
      "resolved": "https://registry.npmjs.org/@nuxt/opencollective/-/opencollective-0.4.1.tgz",
      "integrity": "sha512-GXD3wy50qYbxCJ652bDrDzgMr3NFEkIS374+IgFQKkCvk9yiYcLvX2XDYr7UyQxf4wK0e+yqDYRubZ0DtOxnmQ==",
      "license": "MIT",
      "peer": true,
      "dependencies": {
        "consola": "^3.2.3"
      },
      "bin": {
        "opencollective": "bin/opencollective.js"
      },
      "engines": {
        "node": "^14.18.0 || >=16.10.0",
        "npm": ">=5.10.0"
      }
    },
    "node_modules/@prisma/adapter-pg": {
      "version": "7.6.0",
      "resolved": "https://registry.npmjs.org/@prisma/adapter-pg/-/adapter-pg-7.6.0.tgz",
      "integrity": "sha512-BjHNmJqqa42NqJSDPnXUfwUofWo8LJY7Ui2gqxN4DmAOb+H/gGKv+hln2Xq/1kSJXPW5AXMXuNiPDMpywvyIOw==",
      "license": "Apache-2.0",
      "dependencies": {
        "@prisma/driver-adapter-utils": "7.6.0",
        "@types/pg": "^8.16.0",
        "pg": "^8.16.3",
        "postgres-array": "3.0.4"
      }
    },
    "node_modules/@prisma/debug": {
      "version": "7.6.0",
      "resolved": "https://registry.npmjs.org/@prisma/debug/-/debug-7.6.0.tgz",
      "integrity": "sha512-LpHr3qos4lQZ6sxwjStf59YBht7m9/QF7NSQsMH6qGENWZu2w3UkQUGn1h5iRkDjnWRj3VHykOu9qFhps4ADvA==",
      "license": "Apache-2.0"
    },
    "node_modules/@prisma/driver-adapter-utils": {
      "version": "7.6.0",
      "resolved": "https://registry.npmjs.org/@prisma/driver-adapter-utils/-/driver-adapter-utils-7.6.0.tgz",
      "integrity": "sha512-D8j3p0RnhLuufMaRLX6QqtGgPC5Ao3l5oFP6Q5AL0rTHi4vna+NzGEipwCsfvcSvaGFCbsH3lsTMbb4WvY+ovA==",
      "license": "Apache-2.0",
      "dependencies": {
        "@prisma/debug": "7.6.0"
      }
    },
    "node_modules/@socket.io/component-emitter": {
      "version": "3.1.2",
      "resolved": "https://registry.npmjs.org/@socket.io/component-emitter/-/component-emitter-3.1.2.tgz",
      "integrity": "sha512-9BCxFwvbGg/RsZK9tjXd8s4UcwR0MWeFQ1XEKIQVVvAGJyINdrqKMcTRyLoK8Rse1GjzLV9cwjWV1olXRWEXVA==",
      "license": "MIT"
    },
    "node_modules/@tokenizer/inflate": {
      "version": "0.4.1",
      "resolved": "https://registry.npmjs.org/@tokenizer/inflate/-/inflate-0.4.1.tgz",
      "integrity": "sha512-2mAv+8pkG6GIZiF1kNg1jAjh27IDxEPKwdGul3snfztFerfPGI1LjDezZp3i7BElXompqEtPmoPx6c2wgtWsOA==",
      "license": "MIT",
      "peer": true,
      "dependencies": {
        "debug": "^4.4.3",
        "token-types": "^6.1.1"
      },
      "engines": {
        "node": ">=18"
      },
      "funding": {
        "type": "github",
        "url": "https://github.com/sponsors/Borewit"
      }
    },
    "node_modules/@tokenizer/token": {
      "version": "0.3.0",
      "resolved": "https://registry.npmjs.org/@tokenizer/token/-/token-0.3.0.tgz",
      "integrity": "sha512-OvjF+z51L3ov0OyAU0duzsYuvO01PH7x4t6DJx+guahgTnBHkhJdG7soQeTSFLWN3efnHyibZ4Z8l2EuWwJN3A==",
      "license": "MIT",
      "peer": true
    },
    "node_modules/@types/cors": {
      "version": "2.8.19",
      "resolved": "https://registry.npmjs.org/@types/cors/-/cors-2.8.19.tgz",
      "integrity": "sha512-mFNylyeyqN93lfe/9CSxOGREz8cpzAhH+E93xJ4xWQf62V8sQ/24reV2nyzUWM6H6Xji+GGHpkbLe7pVoUEskg==",
      "license": "MIT",
      "dependencies": {
        "@types/node": "*"
      }
    },
    "node_modules/@types/node": {
      "version": "25.5.0",
      "resolved": "https://registry.npmjs.org/@types/node/-/node-25.5.0.tgz",
      "integrity": "sha512-jp2P3tQMSxWugkCUKLRPVUpGaL5MVFwF8RDuSRztfwgN1wmqJeMSbKlnEtQqU8UrhTmzEmZdu2I6v2dpp7XIxw==",
      "license": "MIT",
      "dependencies": {
        "undici-types": "~7.18.0"
      }
    },
    "node_modules/@types/pg": {
      "version": "8.20.0",
      "resolved": "https://registry.npmjs.org/@types/pg/-/pg-8.20.0.tgz",
      "integrity": "sha512-bEPFOaMAHTEP1EzpvHTbmwR8UsFyHSKsRisLIHVMXnpNefSbGA1bD6CVy+qKjGSqmZqNqBDV2azOBo8TgkcVow==",
      "license": "MIT",
      "dependencies": {
        "@types/node": "*",
        "pg-protocol": "*",
        "pg-types": "^2.2.0"
      }
    },
    "node_modules/@types/validator": {
      "version": "13.15.10",
      "resolved": "https://registry.npmjs.org/@types/validator/-/validator-13.15.10.tgz",
      "integrity": "sha512-T8L6i7wCuyoK8A/ZeLYt1+q0ty3Zb9+qbSSvrIVitzT3YjZqkTZ40IbRsPanlB4h1QB3JVL1SYCdR6ngtFYcuA=="
    },
    "node_modules/class-transformer": {
      "version": "0.5.1",
      "resolved": "https://registry.npmjs.org/class-transformer/-/class-transformer-0.5.1.tgz",
      "integrity": "sha512-SQa1Ws6hUbfC98vKGxZH3KFY0Y1lm5Zm0SY8XX9zbK7FJCyVEac3ATW0RIpwzW+oOfmHE5PMPufDG9hCfoEOMw=="
    },
    "node_modules/class-validator": {
      "version": "0.15.1",
      "resolved": "https://registry.npmjs.org/class-validator/-/class-validator-0.15.1.tgz",
      "integrity": "sha512-LqoS80HBBSCVhz/3KloUly0ovokxpdOLR++Al3J3+dHXWt9sTKlKd4eYtoxhxyUjoe5+UcIM+5k9MIxyBWnRTw==",
      "dependencies": {
        "@types/validator": "^13.15.3",
        "libphonenumber-js": "^1.11.1",
        "validator": "^13.15.22"
      }
    },
    "node_modules/libphonenumber-js": {
      "version": "1.12.41",
      "resolved": "https://registry.npmjs.org/libphonenumber-js/-/libphonenumber-js-1.12.41.tgz",
      "integrity": "sha512-lsmMmGXBxXIK/VMLEj0kL6MtUs1kBGj1nTCzi6zgQoG1DEwqwt2DQyHxcLykceIxAnfE3hya7NuIh6PpC6S3fA=="
    },
    "node_modules/pg": {
      "version": "8.20.0",
      "resolved": "https://registry.npmjs.org/pg/-/pg-8.20.0.tgz",
      "integrity": "sha512-ldhMxz2r8fl/6QkXnBD3CR9/xg694oT6DZQ2s6c/RI28OjtSOpxnPrUCGOBJ46RCUxcWdx3p6kw/xnDHjKvaRA==",
      "license": "MIT",
      "dependencies": {
        "pg-connection-string": "^2.12.0",
        "pg-pool": "^3.13.0",
        "pg-protocol": "^1.13.0",
        "pg-types": "2.2.0",
        "pgpass": "1.0.5"
      },
      "engines": {
        "node": ">= 16.0.0"
      },
      "optionalDependencies": {
        "pg-cloudflare": "^1.3.0"
      },
      "peerDependencies": {
        "pg-native": ">=3.0.1"
      },
      "peerDependenciesMeta": {
        "pg-native": {
          "optional": true
        }
      }
    },
    "node_modules/pg-cloudflare": {
      "version": "1.3.0",
      "resolved": "https://registry.npmjs.org/pg-cloudflare/-/pg-cloudflare-1.3.0.tgz",
      "integrity": "sha512-6lswVVSztmHiRtD6I8hw4qP/nDm1EJbKMRhf3HCYaqud7frGysPv7FYJ5noZQdhQtN2xJnimfMtvQq21pdbzyQ==",
      "license": "MIT",
      "optional": true
    },
    "node_modules/pg-connection-string": {
      "version": "2.12.0",
      "resolved": "https://registry.npmjs.org/pg-connection-string/-/pg-connection-string-2.12.0.tgz",
      "integrity": "sha512-U7qg+bpswf3Cs5xLzRqbXbQl85ng0mfSV/J0nnA31MCLgvEaAo7CIhmeyrmJpOr7o+zm0rXK+hNnT5l9RHkCkQ==",
      "license": "MIT"
    },
    "node_modules/pg-int8": {
      "version": "1.0.1",
      "resolved": "https://registry.npmjs.org/pg-int8/-/pg-int8-1.0.1.tgz",
      "integrity": "sha512-WCtabS6t3c8SkpDBUlb1kjOs7l66xsGdKpIPZsg4wR+B3+u9UAum2odSsF9tnvxg80h4ZxLWMy4pRjOsFIqQpw==",
      "license": "ISC",
      "engines": {
        "node": ">=4.0.0"
      }
    },
    "node_modules/pg-pool": {
      "version": "3.13.0",
      "resolved": "https://registry.npmjs.org/pg-pool/-/pg-pool-3.13.0.tgz",
      "integrity": "sha512-gB+R+Xud1gLFuRD/QgOIgGOBE2KCQPaPwkzBBGC9oG69pHTkhQeIuejVIk3/cnDyX39av2AxomQiyPT13WKHQA==",
      "license": "MIT",
      "peerDependencies": {
        "pg": ">=8.0"
      }
    },
    "node_modules/pg-protocol": {
      "version": "1.13.0",
      "resolved": "https://registry.npmjs.org/pg-protocol/-/pg-protocol-1.13.0.tgz",
      "integrity": "sha512-zzdvXfS6v89r6v7OcFCHfHlyG/wvry1ALxZo4LqgUoy7W9xhBDMaqOuMiF3qEV45VqsN6rdlcehHrfDtlCPc8w==",
      "license": "MIT"
    },
    "node_modules/pg-types": {
      "version": "2.2.0",
      "resolved": "https://registry.npmjs.org/pg-types/-/pg-types-2.2.0.tgz",
      "integrity": "sha512-qTAAlrEsl8s4OiEQY69wDvcMIdQN6wdz5ojQiOy6YRMuynxenON0O5oCpJI6lshc6scgAY8qvJ2On/p+CXY0GA==",
      "license": "MIT",
      "dependencies": {
        "pg-int8": "1.0.1",
        "postgres-array": "~2.0.0",
        "postgres-bytea": "~1.0.0",
        "postgres-date": "~1.0.4",
        "postgres-interval": "^1.1.0"
      },
      "engines": {
        "node": ">=4"
      }
    },
    "node_modules/pg-types/node_modules/postgres-array": {
      "version": "2.0.0",
      "resolved": "https://registry.npmjs.org/postgres-array/-/postgres-array-2.0.0.tgz",
      "integrity": "sha512-VpZrUqU5A69eQyW2c5CA1jtLecCsN2U/bD6VilrFDWq5+5UIEVO7nazS3TEcHf1zuPYO/sqGvUvW62g86RXZuA==",
      "license": "MIT",
      "engines": {
        "node": ">=4"
      }
    },
    "node_modules/pgpass": {
      "version": "1.0.5",
      "resolved": "https://registry.npmjs.org/pgpass/-/pgpass-1.0.5.tgz",
      "integrity": "sha512-FdW9r/jQZhSeohs1Z3sI1yxFQNFvMcnmfuj4WBMUTxOrAyLMaTcE1aAMBiTlbMNaXvBCQuVi0R7hd8udDSP7ug==",
      "license": "MIT",
      "dependencies": {
        "split2": "^4.1.0"
      }
    },
    "node_modules/postgres-array": {
      "version": "3.0.4",
      "resolved": "https://registry.npmjs.org/postgres-array/-/postgres-array-3.0.4.tgz",
      "integrity": "sha512-nAUSGfSDGOaOAEGwqsRY27GPOea7CNipJPOA7lPbdEpx5Kg3qzdP0AaWC5MlhTWV9s4hFX39nomVZ+C4tnGOJQ==",
      "license": "MIT",
      "engines": {
        "node": ">=12"
      }
    },
    "node_modules/postgres-bytea": {
      "version": "1.0.1",
      "resolved": "https://registry.npmjs.org/postgres-bytea/-/postgres-bytea-1.0.1.tgz",
      "integrity": "sha512-5+5HqXnsZPE65IJZSMkZtURARZelel2oXUEO8rH83VS/hxH5vv1uHquPg5wZs8yMAfdv971IU+kcPUczi7NVBQ==",
      "license": "MIT",
      "engines": {
        "node": ">=0.10.0"
      }
    },
    "node_modules/postgres-date": {
      "version": "1.0.7",
      "resolved": "https://registry.npmjs.org/postgres-date/-/postgres-date-1.0.7.tgz",
      "integrity": "sha512-suDmjLVQg78nMK2UZ454hAG+OAW+HQPZ6n++TNDUX+L0+uUlLywnoxJKDou51Zm+zTCjrCl0Nq6J9C5hP9vK/Q==",
      "license": "MIT",
      "engines": {
        "node": ">=0.10.0"
      }
    },
    "node_modules/postgres-interval": {
      "version": "1.2.0",
      "resolved": "https://registry.npmjs.org/postgres-interval/-/postgres-interval-1.2.0.tgz",
      "integrity": "sha512-9ZhXKM/rw350N1ovuWHbGxnGh/SNJ4cnxHiM0rxE4VN41wsg8P8zWn9hv/buK00RP4WvlOyr/RBDiptyxVbkZQ==",
      "license": "MIT",
      "dependencies": {
        "xtend": "^4.0.0"
      },
      "engines": {
        "node": ">=0.10.0"
      }
    },
    "node_modules/reflect-metadata": {
      "version": "0.2.2",
      "resolved": "https://registry.npmjs.org/reflect-metadata/-/reflect-metadata-0.2.2.tgz",
      "integrity": "sha512-urBwgfrvVP/eAyXx4hluJivBKzuEbSQs9rKWCrCkbSxNv8mxPcUZKeuoF3Uy4mJl3Lwprp6yy5/39VWigZ4K6Q==",
      "license": "Apache-2.0",
      "peer": true
    },
    "node_modules/rxjs": {
      "version": "7.8.2",
      "resolved": "https://registry.npmjs.org/rxjs/-/rxjs-7.8.2.tgz",
      "integrity": "sha512-dhKf903U/PQZY6boNNtAGdWbG85WAbjT/1xYoZIC7FAY0yWapOBQVsVrDl58W86//e1VpMNBtRV4MaXfdMySFA==",
      "license": "Apache-2.0",
      "peer": true,
      "dependencies": {
        "tslib": "^2.1.0"
      }
    },
    "node_modules/socket.io": {
      "version": "4.8.3",
      "resolved": "https://registry.npmjs.org/socket.io/-/socket.io-4.8.3.tgz",
      "integrity": "sha512-2Dd78bqzzjE6KPkD5fHZmDAKRNe3J15q+YHDrIsy9WEkqttc7GY+kT9OBLSMaPbQaEd0x1BjcmtMtXkfpc+T5A==",
      "license": "MIT",
      "dependencies": {
        "accepts": "~1.3.4",
        "base64id": "~2.0.0",
        "cors": "~2.8.5",
        "debug": "~4.4.1",
        "engine.io": "~6.6.0",
        "socket.io-adapter": "~2.5.2",
        "socket.io-parser": "~4.2.4"
      },
      "engines": {
        "node": ">=10.2.0"
      }
    },
    "node_modules/socket.io-adapter": {
      "version": "2.5.6",
      "resolved": "https://registry.npmjs.org/socket.io-adapter/-/socket.io-adapter-2.5.6.tgz",
      "integrity": "sha512-DkkO/dz7MGln0dHn5bmN3pPy+JmywNICWrJqVWiVOyvXjWQFIv9c2h24JrQLLFJ2aQVQf/Cvl1vblnd4r2apLQ==",
      "license": "MIT",
      "dependencies": {
        "debug": "~4.4.1",
        "ws": "~8.18.3"
      }
    },
    "node_modules/socket.io-parser": {
      "version": "4.2.6",
      "resolved": "https://registry.npmjs.org/socket.io-parser/-/socket.io-parser-4.2.6.tgz",
      "integrity": "sha512-asJqbVBDsBCJx0pTqw3WfesSY0iRX+2xzWEWzrpcH7L6fLzrhyF8WPI8UaeM4YCuDfpwA/cgsdugMsmtz8EJeg==",
      "license": "MIT",
      "dependencies": {
        "@socket.io/component-emitter": "~3.1.0",
        "debug": "~4.4.1"
      },
      "engines": {
        "node": ">=10.0.0"
      }
    },
    "node_modules/split2": {
      "version": "4.2.0",
      "resolved": "https://registry.npmjs.org/split2/-/split2-4.2.0.tgz",
      "integrity": "sha512-UcjcJOWknrNkF6PLX83qcHM6KHgVKNkV62Y8a5uYDVv9ydGQVwAHMKqHdJje1VTWpljG0WYpCDhrCdAOYH4TWg==",
      "license": "ISC",
      "engines": {
        "node": ">= 10.x"
      }
    },
    "node_modules/strtok3": {
      "version": "10.3.5",
      "resolved": "https://registry.npmjs.org/strtok3/-/strtok3-10.3.5.tgz",
      "integrity": "sha512-ki4hZQfh5rX0QDLLkOCj+h+CVNkqmp/CMf8v8kZpkNVK6jGQooMytqzLZYUVYIZcFZ6yDB70EfD8POcFXiF5oA==",
      "license": "MIT",
      "peer": true,
      "dependencies": {
        "@tokenizer/token": "^0.3.0"
      },
      "engines": {
        "node": ">=18"
      },
      "funding": {
        "type": "github",
        "url": "https://github.com/sponsors/Borewit"
      }
    },
    "node_modules/token-types": {
      "version": "6.1.2",
      "resolved": "https://registry.npmjs.org/token-types/-/token-types-6.1.2.tgz",
      "integrity": "sha512-dRXchy+C0IgK8WPC6xvCHFRIWYUbqqdEIKPaKo/AcTUNzwLTK6AH7RjdLWsEZcAN/TBdtfUw3PYEgPr5VPr6ww==",
      "license": "MIT",
      "peer": true,
      "dependencies": {
        "@borewit/text-codec": "^0.2.1",
        "@tokenizer/token": "^0.3.0",
        "ieee754": "^1.2.1"
      },
      "engines": {
        "node": ">=14.16"
      },
      "funding": {
        "type": "github",
        "url": "https://github.com/sponsors/Borewit"
      }
    },
    "node_modules/tslib": {
      "version": "2.8.1",
      "resolved": "https://registry.npmjs.org/tslib/-/tslib-2.8.1.tgz",
      "integrity": "sha512-oJFu94HQb+KVduSUQL7wnpmqnfmLsOA/nAh6b6EH0wCEoK0/mPeXU6c3wKDV83MkOuHPRHtSXKKU99IBazS/2w==",
      "license": "0BSD"
    },
    "node_modules/uid": {
      "version": "2.0.2",
      "resolved": "https://registry.npmjs.org/uid/-/uid-2.0.2.tgz",
      "integrity": "sha512-u3xV3X7uzvi5b1MncmZo3i2Aw222Zk1keqLA1YkHldREkAhAqi65wuPfe7lHx8H/Wzy+8CE7S7uS3jekIM5s8g==",
      "license": "MIT",
      "peer": true,
      "dependencies": {
        "@lukeed/csprng": "^1.0.0"
      },
      "engines": {
        "node": ">=8"
      }
    },
    "node_modules/uint8array-extras": {
      "version": "1.5.0",
      "resolved": "https://registry.npmjs.org/uint8array-extras/-/uint8array-extras-1.5.0.tgz",
      "integrity": "sha512-rvKSBiC5zqCCiDZ9kAOszZcDvdAHwwIKJG33Ykj43OKcWsnmcBRL09YTU4nOeHZ8Y2a7l1MgTd08SBe9A8Qj6A==",
      "license": "MIT",
      "peer": true,
      "engines": {
        "node": ">=18"
      },
      "funding": {
        "url": "https://github.com/sponsors/sindresorhus"
      }
    },
    "node_modules/undici-types": {
      "version": "7.18.2",
      "resolved": "https://registry.npmjs.org/undici-types/-/undici-types-7.18.2.tgz",
      "integrity": "sha512-AsuCzffGHJybSaRrmr5eHr81mwJU3kjw6M+uprWvCXiNeN9SOGwQ3Jn8jb8m3Z6izVgknn1R0FTCEAP2QrLY/w==",
      "license": "MIT"
    },
    "node_modules/vary": {
      "version": "1.1.2",
      "resolved": "https://registry.npmjs.org/vary/-/vary-1.1.2.tgz",
      "integrity": "sha512-BNGbWLfd0eUPabhkXUVm0j8uuvREyTh5ovRa/dyow/BqAbZJyC+5fU+IzQOzmAKzYqYRAISoRhdQr3eIZ/PXqg==",
      "license": "MIT",
      "engines": {
        "node": ">= 0.8"
      }
    },
    "node_modules/ws": {
      "version": "8.18.3",
      "resolved": "https://registry.npmjs.org/ws/-/ws-8.18.3.tgz",
      "integrity": "sha512-PEIGCY5tSlUt50cqyMXfCzX+oOPqN0vuGqWzbcJ2xvnkzkq46oOpz7dQaTDBdfICb4N14+GARUDw2XV2N4tvzg==",
      "license": "MIT",
      "engines": {
        "node": ">=10.0.0"
      },
      "peerDependencies": {
        "bufferutil": "^4.0.1",
        "utf-8-validate": ">=5.0.2"
      },
      "peerDependenciesMeta": {
        "bufferutil": {
          "optional": true
        },
        "utf-8-validate": {
          "optional": true
        }
      }
    },
    "node_modules/xtend": {
      "version": "4.0.2",
      "resolved": "https://registry.npmjs.org/xtend/-/xtend-4.0.2.tgz",
      "integrity": "sha512-LKYU1iAXJXUgAXn9URjiu+MWhyUXHsvfp7mcuYm9dSUKK0/CjtrUwFAxD82/mCWbtLsGjFIad0wIsod4zrTAEQ==",
      "license": "MIT",
      "engines": {
        "node": ">=0.4"
      }
    }
  }
}
